
Microsoft Visual Studio Solution File, Format Version 12.00
# Visual Studio Version 17
VisualStudioVersion = 17.1.32328.378
MinimumVisualStudioVersion = 10.0.40219.1
Project("{FAE04EC0-301F-11D3-BF4B-00C04F79EFBC}") = "Lesson 20", "Lesson 20\Lesson 20.csproj", "{D66B3BE6-2E2E-4733-829A-52F73001B1BA}"
EndProject
Global
	GlobalSection(SolutionConfigurationPlatforms) = preSolution
		Debug|Any CPU = Debug|Any CPU
		Release|Any CPU = Release|Any CPU
	EndGlobalSection
	GlobalSection(ProjectConfigurationPlatforms) = postSolution
		{D66B3BE6-2E2E-4733-829A-52F73001B1BA}.Debug|Any CPU.ActiveCfg = Debug|Any CPU
		{D66B3BE6-2E2E-4733-829A-52F73001B1BA}.Debug|Any CPU.Build.0 = Debug|Any CPU
		{D66B3BE6-2E2E-4733-829A-52F73001B1BA}.Release|Any CPU.ActiveCfg = Release|Any CPU
		{D66B3BE6-2E2E-4733-829A-52F73001B1BA}.Release|Any CPU.Build.0 = Release|Any CPU
	EndGlobalSection
	GlobalSection(SolutionProperties) = preSolution
		HideSolutionNode = FALSE
	EndGlobalSection
	GlobalSection(ExtensibilityGlobals) = postSolution
		SolutionGuid = {58715469-4816-4EE8-ADB1-AAB41FA75701}
	EndGlobalSection
EndGlobal
